
Microsoft Visual Studio Solution File, Format Version 12.00
# Visual Studio Version 17
VisualStudioVersion = 17.0.31903.59
MinimumVisualStudioVersion = 10.0.40219.1
Project("{2150E333-8FDC-42A3-9474-1A3956D46DE8}") = "src", "src", "{827E0CD3-B72D-47B6-A68D-7590B98EB39B}"
EndProject
Project("{FAE04EC0-301F-11D3-BF4B-00C04F79EFBC}") = "CardWars.ModLoader", "src\CardWars.ModLoader\CardWars.ModLoader.csproj", "{8867214B-AF0E-42FD-A8BD-C7EB20FBE250}"
EndProject
Project("{FAE04EC0-301F-11D3-BF4B-00C04F79EFBC}") = "CardWars.Webserver", "src\CardWars.Webserver\CardWars.Webserver.csproj", "{23C78315-E7AA-4DF3-8EB1-53B53FAE21DF}"
EndProject
Project("{FAE04EC0-301F-11D3-BF4B-00C04F79EFBC}") = "CardWars.BattleEngine.Vanilla", "src\CardWars.BattleEngine.Vanilla\CardWars.BattleEngine.Vanilla.csproj", "{DB26803C-2572-4F61-A88E-24739336A3AD}"
EndProject
Project("{FAE04EC0-301F-11D3-BF4B-00C04F79EFBC}") = "CardWars.BattleEngine", "src\CardWars.BattleEngine\CardWars.BattleEngine.csproj", "{62119C8F-006C-47C9-8A32-B4C562097534}"
EndProject
Project("{FAE04EC0-301F-11D3-BF4B-00C04F79EFBC}") = "CardWars.Server", "src\CardWars.Server\CardWars.Server.csproj", "{8F85DBC6-537D-4D65-8A3E-36F8D0C71B7E}"
EndProject
Project("{FAE04EC0-301F-11D3-BF4B-00C04F79EFBC}") = "CardWars.Server.Vanilla", "src\CardWars.Server.Vanilla\CardWars.Server.Vanilla.csproj", "{48238AD3-7EE9-47DE-AD5C-BE8192CD93FC}"
EndProject
Global
	GlobalSection(SolutionConfigurationPlatforms) = preSolution
		Debug|Any CPU = Debug|Any CPU
		Debug|x64 = Debug|x64
		Debug|x86 = Debug|x86
		Release|Any CPU = Release|Any CPU
		Release|x64 = Release|x64
		Release|x86 = Release|x86
	EndGlobalSection
	GlobalSection(ProjectConfigurationPlatforms) = postSolution
		{8867214B-AF0E-42FD-A8BD-C7EB20FBE250}.Debug|Any CPU.ActiveCfg = Debug|Any CPU
		{8867214B-AF0E-42FD-A8BD-C7EB20FBE250}.Debug|Any CPU.Build.0 = Debug|Any CPU
		{8867214B-AF0E-42FD-A8BD-C7EB20FBE250}.Debug|x64.ActiveCfg = Debug|Any CPU
		{8867214B-AF0E-42FD-A8BD-C7EB20FBE250}.Debug|x64.Build.0 = Debug|Any CPU
		{8867214B-AF0E-42FD-A8BD-C7EB20FBE250}.Debug|x86.ActiveCfg = Debug|Any CPU
		{8867214B-AF0E-42FD-A8BD-C7EB20FBE250}.Debug|x86.Build.0 = Debug|Any CPU
		{8867214B-AF0E-42FD-A8BD-C7EB20FBE250}.Release|Any CPU.ActiveCfg = Release|Any CPU
		{8867214B-AF0E-42FD-A8BD-C7EB20FBE250}.Release|Any CPU.Build.0 = Release|Any CPU
		{8867214B-AF0E-42FD-A8BD-C7EB20FBE250}.Release|x64.ActiveCfg = Release|Any CPU
		{8867214B-AF0E-42FD-A8BD-C7EB20FBE250}.Release|x64.Build.0 = Release|Any CPU
		{8867214B-AF0E-42FD-A8BD-C7EB20FBE250}.Release|x86.ActiveCfg = Release|Any CPU
		{8867214B-AF0E-42FD-A8BD-C7EB20FBE250}.Release|x86.Build.0 = Release|Any CPU
		{23C78315-E7AA-4DF3-8EB1-53B53FAE21DF}.Debug|Any CPU.ActiveCfg = Debug|Any CPU
		{23C78315-E7AA-4DF3-8EB1-53B53FAE21DF}.Debug|Any CPU.Build.0 = Debug|Any CPU
		{23C78315-E7AA-4DF3-8EB1-53B53FAE21DF}.Debug|x64.ActiveCfg = Debug|Any CPU
		{23C78315-E7AA-4DF3-8EB1-53B53FAE21DF}.Debug|x64.Build.0 = Debug|Any CPU
		{23C78315-E7AA-4DF3-8EB1-53B53FAE21DF}.Debug|x86.ActiveCfg = Debug|Any CPU
		{23C78315-E7AA-4DF3-8EB1-53B53FAE21DF}.Debug|x86.Build.0 = Debug|Any CPU
		{23C78315-E7AA-4DF3-8EB1-53B53FAE21DF}.Release|Any CPU.ActiveCfg = Release|Any CPU
		{23C78315-E7AA-4DF3-8EB1-53B53FAE21DF}.Release|Any CPU.Build.0 = Release|Any CPU
		{23C78315-E7AA-4DF3-8EB1-53B53FAE21DF}.Release|x64.ActiveCfg = Release|Any CPU
		{23C78315-E7AA-4DF3-8EB1-53B53FAE21DF}.Release|x64.Build.0 = Release|Any CPU
		{23C78315-E7AA-4DF3-8EB1-53B53FAE21DF}.Release|x86.ActiveCfg = Release|Any CPU
		{23C78315-E7AA-4DF3-8EB1-53B53FAE21DF}.Release|x86.Build.0 = Release|Any CPU
		{DB26803C-2572-4F61-A88E-24739336A3AD}.Debug|Any CPU.ActiveCfg = Debug|Any CPU
		{DB26803C-2572-4F61-A88E-24739336A3AD}.Debug|Any CPU.Build.0 = Debug|Any CPU
		{DB26803C-2572-4F61-A88E-24739336A3AD}.Debug|x64.ActiveCfg = Debug|Any CPU
		{DB26803C-2572-4F61-A88E-24739336A3AD}.Debug|x64.Build.0 = Debug|Any CPU
		{DB26803C-2572-4F61-A88E-24739336A3AD}.Debug|x86.ActiveCfg = Debug|Any CPU
		{DB26803C-2572-4F61-A88E-24739336A3AD}.Debug|x86.Build.0 = Debug|Any CPU
		{DB26803C-2572-4F61-A88E-24739336A3AD}.Release|Any CPU.ActiveCfg = Release|Any CPU
		{DB26803C-2572-4F61-A88E-24739336A3AD}.Release|Any CPU.Build.0 = Release|Any CPU
		{DB26803C-2572-4F61-A88E-24739336A3AD}.Release|x64.ActiveCfg = Release|Any CPU
		{DB26803C-2572-4F61-A88E-24739336A3AD}.Release|x64.Build.0 = Release|Any CPU
		{DB26803C-2572-4F61-A88E-24739336A3AD}.Release|x86.ActiveCfg = Release|Any CPU
		{DB26803C-2572-4F61-A88E-24739336A3AD}.Release|x86.Build.0 = Release|Any CPU
		{62119C8F-006C-47C9-8A32-B4C562097534}.Debug|Any CPU.ActiveCfg = Debug|Any CPU
		{62119C8F-006C-47C9-8A32-B4C562097534}.Debug|Any CPU.Build.0 = Debug|Any CPU
		{62119C8F-006C-47C9-8A32-B4C562097534}.Debug|x64.ActiveCfg = Debug|Any CPU
		{62119C8F-006C-47C9-8A32-B4C562097534}.Debug|x64.Build.0 = Debug|Any CPU
		{62119C8F-006C-47C9-8A32-B4C562097534}.Debug|x86.ActiveCfg = Debug|Any CPU
		{62119C8F-006C-47C9-8A32-B4C562097534}.Debug|x86.Build.0 = Debug|Any CPU
		{62119C8F-006C-47C9-8A32-B4C562097534}.Release|Any CPU.ActiveCfg = Release|Any CPU
		{62119C8F-006C-47C9-8A32-B4C562097534}.Release|Any CPU.Build.0 = Release|Any CPU
		{62119C8F-006C-47C9-8A32-B4C562097534}.Release|x64.ActiveCfg = Release|Any CPU
		{62119C8F-006C-47C9-8A32-B4C562097534}.Release|x64.Build.0 = Release|Any CPU
		{62119C8F-006C-47C9-8A32-B4C562097534}.Release|x86.ActiveCfg = Release|Any CPU
		{62119C8F-006C-47C9-8A32-B4C562097534}.Release|x86.Build.0 = Release|Any CPU
		{8F85DBC6-537D-4D65-8A3E-36F8D0C71B7E}.Debug|Any CPU.ActiveCfg = Debug|Any CPU
		{8F85DBC6-537D-4D65-8A3E-36F8D0C71B7E}.Debug|Any CPU.Build.0 = Debug|Any CPU
		{8F85DBC6-537D-4D65-8A3E-36F8D0C71B7E}.Debug|x64.ActiveCfg = Debug|Any CPU
		{8F85DBC6-537D-4D65-8A3E-36F8D0C71B7E}.Debug|x64.Build.0 = Debug|Any CPU
		{8F85DBC6-537D-4D65-8A3E-36F8D0C71B7E}.Debug|x86.ActiveCfg = Debug|Any CPU
		{8F85DBC6-537D-4D65-8A3E-36F8D0C71B7E}.Debug|x86.Build.0 = Debug|Any CPU
		{8F85DBC6-537D-4D65-8A3E-36F8D0C71B7E}.Release|Any CPU.ActiveCfg = Release|Any CPU
		{8F85DBC6-537D-4D65-8A3E-36F8D0C71B7E}.Release|Any CPU.Build.0 = Release|Any CPU
		{8F85DBC6-537D-4D65-8A3E-36F8D0C71B7E}.Release|x64.ActiveCfg = Release|Any CPU
		{8F85DBC6-537D-4D65-8A3E-36F8D0C71B7E}.Release|x64.Build.0 = Release|Any CPU
		{8F85DBC6-537D-4D65-8A3E-36F8D0C71B7E}.Release|x86.ActiveCfg = Release|Any CPU
		{8F85DBC6-537D-4D65-8A3E-36F8D0C71B7E}.Release|x86.Build.0 = Release|Any CPU
		{48238AD3-7EE9-47DE-AD5C-BE8192CD93FC}.Debug|Any CPU.ActiveCfg = Debug|Any CPU
		{48238AD3-7EE9-47DE-AD5C-BE8192CD93FC}.Debug|Any CPU.Build.0 = Debug|Any CPU
		{48238AD3-7EE9-47DE-AD5C-BE8192CD93FC}.Debug|x64.ActiveCfg = Debug|Any CPU
		{48238AD3-7EE9-47DE-AD5C-BE8192CD93FC}.Debug|x64.Build.0 = Debug|Any CPU
		{48238AD3-7EE9-47DE-AD5C-BE8192CD93FC}.Debug|x86.ActiveCfg = Debug|Any CPU
		{48238AD3-7EE9-47DE-AD5C-BE8192CD93FC}.Debug|x86.Build.0 = Debug|Any CPU
		{48238AD3-7EE9-47DE-AD5C-BE8192CD93FC}.Release|Any CPU.ActiveCfg = Release|Any CPU
		{48238AD3-7EE9-47DE-AD5C-BE8192CD93FC}.Release|Any CPU.Build.0 = Release|Any CPU
		{48238AD3-7EE9-47DE-AD5C-BE8192CD93FC}.Release|x64.ActiveCfg = Release|Any CPU
		{48238AD3-7EE9-47DE-AD5C-BE8192CD93FC}.Release|x64.Build.0 = Release|Any CPU
		{48238AD3-7EE9-47DE-AD5C-BE8192CD93FC}.Release|x86.ActiveCfg = Release|Any CPU
		{48238AD3-7EE9-47DE-AD5C-BE8192CD93FC}.Release|x86.Build.0 = Release|Any CPU
	EndGlobalSection
	GlobalSection(SolutionProperties) = preSolution
		HideSolutionNode = FALSE
	EndGlobalSection
	GlobalSection(NestedProjects) = preSolution
		{8867214B-AF0E-42FD-A8BD-C7EB20FBE250} = {827E0CD3-B72D-47B6-A68D-7590B98EB39B}
		{23C78315-E7AA-4DF3-8EB1-53B53FAE21DF} = {827E0CD3-B72D-47B6-A68D-7590B98EB39B}
		{DB26803C-2572-4F61-A88E-24739336A3AD} = {827E0CD3-B72D-47B6-A68D-7590B98EB39B}
		{62119C8F-006C-47C9-8A32-B4C562097534} = {827E0CD3-B72D-47B6-A68D-7590B98EB39B}
		{8F85DBC6-537D-4D65-8A3E-36F8D0C71B7E} = {827E0CD3-B72D-47B6-A68D-7590B98EB39B}
		{48238AD3-7EE9-47DE-AD5C-BE8192CD93FC} = {827E0CD3-B72D-47B6-A68D-7590B98EB39B}
	EndGlobalSection
EndGlobal
