
Microsoft Visual Studio Solution File, Format Version 12.00
# Visual Studio Version 17
VisualStudioVersion = 17.0.31903.59
MinimumVisualStudioVersion = 10.0.40219.1
Project("{FAE04EC0-301F-11D3-BF4B-00C04F79EFBC}") = "CardWars.Webserver", "CardWars.Webserver\CardWars.Webserver.csproj", "{5549F65F-987A-4F65-BC22-731278A9F89C}"
EndProject
Project("{FAE04EC0-301F-11D3-BF4B-00C04F79EFBC}") = "CardWars.BattleEngine", "CardWars.BattleEngine\CardWars.BattleEngine.csproj", "{97A2BBBE-5070-4736-940E-30BA9BF70581}"
EndProject
Project("{FAE04EC0-301F-11D3-BF4B-00C04F79EFBC}") = "CardWars.BattleEngineVanilla", "CardWars.BattleEngineVanilla\CardWars.BattleEngineVanilla.csproj", "{4C1B478F-3651-495F-B07E-859B9F64AC26}"
EndProject
Global
	GlobalSection(SolutionConfigurationPlatforms) = preSolution
		Debug|Any CPU = Debug|Any CPU
		Debug|x64 = Debug|x64
		Debug|x86 = Debug|x86
		Release|Any CPU = Release|Any CPU
		Release|x64 = Release|x64
		Release|x86 = Release|x86
	EndGlobalSection
	GlobalSection(ProjectConfigurationPlatforms) = postSolution
		{5549F65F-987A-4F65-BC22-731278A9F89C}.Debug|Any CPU.ActiveCfg = Debug|Any CPU
		{5549F65F-987A-4F65-BC22-731278A9F89C}.Debug|Any CPU.Build.0 = Debug|Any CPU
		{5549F65F-987A-4F65-BC22-731278A9F89C}.Debug|x64.ActiveCfg = Debug|Any CPU
		{5549F65F-987A-4F65-BC22-731278A9F89C}.Debug|x64.Build.0 = Debug|Any CPU
		{5549F65F-987A-4F65-BC22-731278A9F89C}.Debug|x86.ActiveCfg = Debug|Any CPU
		{5549F65F-987A-4F65-BC22-731278A9F89C}.Debug|x86.Build.0 = Debug|Any CPU
		{5549F65F-987A-4F65-BC22-731278A9F89C}.Release|Any CPU.ActiveCfg = Release|Any CPU
		{5549F65F-987A-4F65-BC22-731278A9F89C}.Release|Any CPU.Build.0 = Release|Any CPU
		{5549F65F-987A-4F65-BC22-731278A9F89C}.Release|x64.ActiveCfg = Release|Any CPU
		{5549F65F-987A-4F65-BC22-731278A9F89C}.Release|x64.Build.0 = Release|Any CPU
		{5549F65F-987A-4F65-BC22-731278A9F89C}.Release|x86.ActiveCfg = Release|Any CPU
		{5549F65F-987A-4F65-BC22-731278A9F89C}.Release|x86.Build.0 = Release|Any CPU
		{97A2BBBE-5070-4736-940E-30BA9BF70581}.Debug|Any CPU.ActiveCfg = Debug|Any CPU
		{97A2BBBE-5070-4736-940E-30BA9BF70581}.Debug|Any CPU.Build.0 = Debug|Any CPU
		{97A2BBBE-5070-4736-940E-30BA9BF70581}.Debug|x64.ActiveCfg = Debug|Any CPU
		{97A2BBBE-5070-4736-940E-30BA9BF70581}.Debug|x64.Build.0 = Debug|Any CPU
		{97A2BBBE-5070-4736-940E-30BA9BF70581}.Debug|x86.ActiveCfg = Debug|Any CPU
		{97A2BBBE-5070-4736-940E-30BA9BF70581}.Debug|x86.Build.0 = Debug|Any CPU
		{97A2BBBE-5070-4736-940E-30BA9BF70581}.Release|Any CPU.ActiveCfg = Release|Any CPU
		{97A2BBBE-5070-4736-940E-30BA9BF70581}.Release|Any CPU.Build.0 = Release|Any CPU
		{97A2BBBE-5070-4736-940E-30BA9BF70581}.Release|x64.ActiveCfg = Release|Any CPU
		{97A2BBBE-5070-4736-940E-30BA9BF70581}.Release|x64.Build.0 = Release|Any CPU
		{97A2BBBE-5070-4736-940E-30BA9BF70581}.Release|x86.ActiveCfg = Release|Any CPU
		{97A2BBBE-5070-4736-940E-30BA9BF70581}.Release|x86.Build.0 = Release|Any CPU
		{4C1B478F-3651-495F-B07E-859B9F64AC26}.Debug|Any CPU.ActiveCfg = Debug|Any CPU
		{4C1B478F-3651-495F-B07E-859B9F64AC26}.Debug|Any CPU.Build.0 = Debug|Any CPU
		{4C1B478F-3651-495F-B07E-859B9F64AC26}.Debug|x64.ActiveCfg = Debug|Any CPU
		{4C1B478F-3651-495F-B07E-859B9F64AC26}.Debug|x64.Build.0 = Debug|Any CPU
		{4C1B478F-3651-495F-B07E-859B9F64AC26}.Debug|x86.ActiveCfg = Debug|Any CPU
		{4C1B478F-3651-495F-B07E-859B9F64AC26}.Debug|x86.Build.0 = Debug|Any CPU
		{4C1B478F-3651-495F-B07E-859B9F64AC26}.Release|Any CPU.ActiveCfg = Release|Any CPU
		{4C1B478F-3651-495F-B07E-859B9F64AC26}.Release|Any CPU.Build.0 = Release|Any CPU
		{4C1B478F-3651-495F-B07E-859B9F64AC26}.Release|x64.ActiveCfg = Release|Any CPU
		{4C1B478F-3651-495F-B07E-859B9F64AC26}.Release|x64.Build.0 = Release|Any CPU
		{4C1B478F-3651-495F-B07E-859B9F64AC26}.Release|x86.ActiveCfg = Release|Any CPU
		{4C1B478F-3651-495F-B07E-859B9F64AC26}.Release|x86.Build.0 = Release|Any CPU
	EndGlobalSection
	GlobalSection(SolutionProperties) = preSolution
		HideSolutionNode = FALSE
	EndGlobalSection
EndGlobal
